
Microsoft Visual Studio Solution File, Format Version 12.00
# Visual Studio 15
VisualStudioVersion = 15.0.27004.2009
MinimumVisualStudioVersion = 10.0.40219.1
Project("{FAE04EC0-301F-11D3-BF4B-00C04F79EFBC}") = "DotNetWallet", "DotNetWallet\DotNetWallet.csproj", "{E7C6055D-B07F-4261-BE9B-5A2F44889FAF}"
EndProject
Global
	GlobalSection(SolutionConfigurationPlatforms) = preSolution
		Debug|Any CPU = Debug|Any CPU
		Release|Any CPU = Release|Any CPU
	EndGlobalSection
	GlobalSection(ProjectConfigurationPlatforms) = postSolution
		{E7C6055D-B07F-4261-BE9B-5A2F44889FAF}.Debug|Any CPU.ActiveCfg = Debug|Any CPU
		{E7C6055D-B07F-4261-BE9B-5A2F44889FAF}.Debug|Any CPU.Build.0 = Debug|Any CPU
		{E7C6055D-B07F-4261-BE9B-5A2F44889FAF}.Release|Any CPU.ActiveCfg = Release|Any CPU
		{E7C6055D-B07F-4261-BE9B-5A2F44889FAF}.Release|Any CPU.Build.0 = Release|Any CPU
	EndGlobalSection
	GlobalSection(SolutionProperties) = preSolution
		HideSolutionNode = FALSE
	EndGlobalSection
	GlobalSection(ExtensibilityGlobals) = postSolution
		SolutionGuid = {BEF83D1C-0BE8-4C3D-9D59-0D3DBFCA1E2D}
	EndGlobalSection
EndGlobal
